# This file was autogenerated by uv via the following command:
#    uv pip compile requirements.txt -o requirements.lock
blinker==1.9.0
    # via flask
certifi==2026.7.22
    # via requests
charset-normalizer==3.5.1
    # via requests
click==8.5.0
    # via flask
flask==3.1.2
    # via -r requirements.txt
html5lib==1.1
    # via -r requirements.txt
idna==3.19
    # via requests
itsdangerous==2.2.0
    # via flask
jinja2==3.1.6
    # via flask
lxml==6.1.1
    # via -r requirements.txt
markupsafe==3.0.3
    # via
    #   flask
    #   jinja2
    #   werkzeug
numpy==2.3.5
    # via
    #   -r requirements.txt
    #   pandas
pandas==2.2.3
    # via -r requirements.txt
python-dateutil==2.9.0.post0
    # via pandas
pytz==2026.3.post1
    # via pandas
pyyaml==6.0.3
    # via -r requirements.txt
requests==2.34.2
    # via -r requirements.txt
ruff==0.16.5
    # via -r requirements.txt
six==1.17.0
    # via
    #   html5lib
    #   python-dateutil
tzdata==2026.3
    # via pandas
urllib3==2.7.0
    # via requests
webencodings==0.6.1
    # via html5lib
werkzeug==3.1.8
    # via flask
